<?xml version="1.0" encoding="utf-8"?>
<Project ToolsVersion="4.0" xmlns="http://schemas.microsoft.com/developer/msbuild/2003">
  <ItemGroup>
    <Filter Include="Source Files">
      <UniqueIdentifier>{5b804094-279d-4291-bec3-33548f68822d}</UniqueIdentifier>
      <Extensions>cpp;c;cxx;rc;def;r;odl;idl;hpj;bat</Extensions>
    </Filter>
    <Filter Include="Header Files">
      <UniqueIdentifier>{19155daa-e8c1-4524-99f8-e69500bf9757}</UniqueIdentifier>
      <Extensions>h;hpp;hxx;hm;inl</Extensions>
    </Filter>
    <Filter Include="Resource Files">
      <UniqueIdentifier>{25349fff-1e19-45e8-be1f-9280bac708a1}</UniqueIdentifier>
      <Extensions>ico;cur;bmp;dlg;rc2;rct;bin;rgs;gif;jpg;jpeg;jpe</Extensions>
    </Filter>
  </ItemGroup>
  <ItemGroup>
    <ClCompile Include="StdAfx.cpp">
      <Filter>Source Files</Filter>
    </ClCompile>
    <ClCompile Include="MFC\DlgShowArray.cpp">
      <Filter>Source Files</Filter>
    </ClCompile>
    <ClCompile Include="MFC\DlgTask.cpp">
      <Filter>Source Files</Filter>
    </ClCompile>
    <ClCompile Include="MFC\ImageStu.cpp">
      <Filter>Source Files</Filter>
    </ClCompile>
    <ClCompile Include="MFC\ImageStuDlg.cpp">
      <Filter>Source Files</Filter>
    </ClCompile>
    <ClCompile Include="ImgLib\BaseColorInfo.cpp">
      <Filter>Source Files</Filter>
    </ClCompile>
    <ClCompile Include="ImgLib\CommonCheck.cpp">
      <Filter>Source Files</Filter>
    </ClCompile>
    <ClCompile Include="ImgLib\Image.cpp">
      <Filter>Source Files</Filter>
    </ClCompile>
  </ItemGroup>
  <ItemGroup>
    <ClInclude Include="StdAfx.h">
      <Filter>Header Files</Filter>
    </ClInclude>
    <ClInclude Include="MFC\DlgShowArray.h">
      <Filter>Header Files</Filter>
    </ClInclude>
    <ClInclude Include="MFC\DlgTask.h">
      <Filter>Header Files</Filter>
    </ClInclude>
    <ClInclude Include="MFC\ImageStu.h">
      <Filter>Header Files</Filter>
    </ClInclude>
    <ClInclude Include="MFC\ImageStuDlg.h">
      <Filter>Header Files</Filter>
    </ClInclude>
    <ClInclude Include="MFC\Resource.h">
      <Filter>Header Files</Filter>
    </ClInclude>
    <ClInclude Include="ImgLib\BaseColorInfo.h">
      <Filter>Header Files</Filter>
    </ClInclude>
    <ClInclude Include="ImgLib\CommonCheck.h">
      <Filter>Header Files</Filter>
    </ClInclude>
    <ClInclude Include="ImgLib\ImagePara.h">
      <Filter>Header Files</Filter>
    </ClInclude>
    <ClInclude Include="ImgLib\Image.h">
      <Filter>Header Files</Filter>
    </ClInclude>
  </ItemGroup>
  <ItemGroup>
    <Image Include="res\ImageStu.ico">
      <Filter>Resource Files</Filter>
    </Image>
  </ItemGroup>
  <ItemGroup>
    <CustomBuild Include="res\ImageStu.rc2">
      <Filter>Resource Files</Filter>
    </CustomBuild>
  </ItemGroup>
  <ItemGroup>
    <ResourceCompile Include="MFC\ImageStu.rc">
      <Filter>Source Files</Filter>
    </ResourceCompile>
  </ItemGroup>
</Project>